
Microsoft Visual Studio Solution File, Format Version 12.00
# Visual Studio Version 16
VisualStudioVersion = 16.0.31424.327
MinimumVisualStudioVersion = 10.0.40219.1
Project("{FAE04EC0-301F-11D3-BF4B-00C04F79EFBC}") = "CodeFirst", "CodeFirst\CodeFirst.csproj", "{FA2AB85E-1DC9-4B5E-8322-5C1D7DA22BA8}"
EndProject
Global
	GlobalSection(SolutionConfigurationPlatforms) = preSolution
		Debug|Any CPU = Debug|Any CPU
		Release|Any CPU = Release|Any CPU
	EndGlobalSection
	GlobalSection(ProjectConfigurationPlatforms) = postSolution
		{FA2AB85E-1DC9-4B5E-8322-5C1D7DA22BA8}.Debug|Any CPU.ActiveCfg = Debug|Any CPU
		{FA2AB85E-1DC9-4B5E-8322-5C1D7DA22BA8}.Debug|Any CPU.Build.0 = Debug|Any CPU
		{FA2AB85E-1DC9-4B5E-8322-5C1D7DA22BA8}.Release|Any CPU.ActiveCfg = Release|Any CPU
		{FA2AB85E-1DC9-4B5E-8322-5C1D7DA22BA8}.Release|Any CPU.Build.0 = Release|Any CPU
	EndGlobalSection
	GlobalSection(SolutionProperties) = preSolution
		HideSolutionNode = FALSE
	EndGlobalSection
	GlobalSection(ExtensibilityGlobals) = postSolution
		SolutionGuid = {EDE04468-053F-49C9-8F9B-0D52E5E38EEF}
	EndGlobalSection
EndGlobal
